
Microsoft Visual Studio Solution File, Format Version 12.00
# Visual Studio 15
VisualStudioVersion = 15.0.27703.2018
MinimumVisualStudioVersion = 10.0.40219.1
Project("{FAE04EC0-301F-11D3-BF4B-00C04F79EFBC}") = "TP2DenisAndrienko", "TP2DenisAndrienko\TP2DenisAndrienko.csproj", "{56A61004-A04C-43F1-9C2D-5FB44A9ABFF8}"
EndProject
Global
	GlobalSection(SolutionConfigurationPlatforms) = preSolution
		Debug|Any CPU = Debug|Any CPU
		Release|Any CPU = Release|Any CPU
	EndGlobalSection
	GlobalSection(ProjectConfigurationPlatforms) = postSolution
		{56A61004-A04C-43F1-9C2D-5FB44A9ABFF8}.Debug|Any CPU.ActiveCfg = Debug|Any CPU
		{56A61004-A04C-43F1-9C2D-5FB44A9ABFF8}.Debug|Any CPU.Build.0 = Debug|Any CPU
		{56A61004-A04C-43F1-9C2D-5FB44A9ABFF8}.Release|Any CPU.ActiveCfg = Release|Any CPU
		{56A61004-A04C-43F1-9C2D-5FB44A9ABFF8}.Release|Any CPU.Build.0 = Release|Any CPU
	EndGlobalSection
	GlobalSection(SolutionProperties) = preSolution
		HideSolutionNode = FALSE
	EndGlobalSection
	GlobalSection(ExtensibilityGlobals) = postSolution
		SolutionGuid = {5E2CBB18-D1B7-4701-9B85-E72E52FDC425}
	EndGlobalSection
EndGlobal
